// !$*UTF8*$!
{
	archiveVersion = 1;
	classes = {
	};
	objectVersion = 46;
	objects = {

/* Begin PBXBuildFile section */
		03D8BDE81D305F2A007A95F8 /* Model.xcdatamodeld in Sources */ = {isa = PBXBuildFile; fileRef = 03D8BDE61D305F2A007A95F8 /* Model.xcdatamodeld */; };
		03D8BDFD1D30A56B007A95F8 /* Photo+CoreDataProperties.swift in Sources */ = {isa = PBXBuildFile; fileRef = 03D8BDF91D30A56B007A95F8 /* Photo+CoreDataProperties.swift */; };
		03D8BDFE1D30A56B007A95F8 /* Photo.swift in Sources */ = {isa = PBXBuildFile; fileRef = 03D8BDFA1D30A56B007A95F8 /* Photo.swift */; };
		03D8BDFF1D30A56B007A95F8 /* Pin+CoreDataProperties.swift in Sources */ = {isa = PBXBuildFile; fileRef = 03D8BDFB1D30A56B007A95F8 /* Pin+CoreDataProperties.swift */; };
		03D8BE001D30A56B007A95F8 /* Pin.swift in Sources */ = {isa = PBXBuildFile; fileRef = 03D8BDFC1D30A56B007A95F8 /* Pin.swift */; };
		03D8BE021D30A801007A95F8 /* CoreDataStack.swift in Sources */ = {isa = PBXBuildFile; fileRef = 03D8BE011D30A801007A95F8 /* CoreDataStack.swift */; };
		03D8BE041D353D0B007A95F8 /* FlickrClient.swift in Sources */ = {isa = PBXBuildFile; fileRef = 03D8BE031D353D0B007A95F8 /* FlickrClient.swift */; };
		03D8BE061D357C04007A95F8 /* Client.swift in Sources */ = {isa = PBXBuildFile; fileRef = 03D8BE051D357C04007A95F8 /* Client.swift */; };
		03D8BE081D368A2E007A95F8 /* bboxCoordinate.swift in Sources */ = {isa = PBXBuildFile; fileRef = 03D8BE071D368A2E007A95F8 /* bboxCoordinate.swift */; };
		03D8BE0A1D386CEA007A95F8 /* FlickrClient+Convenience.swift in Sources */ = {isa = PBXBuildFile; fileRef = 03D8BE091D386CEA007A95F8 /* FlickrClient+Convenience.swift */; };
		03D8BE0F1D386DD1007A95F8 /* PhotoAlbumViewController.swift in Sources */ = {isa = PBXBuildFile; fileRef = 03D8BE0E1D386DD1007A95F8 /* PhotoAlbumViewController.swift */; };
		03F602EA1D2D8481006E2679 /* AppDelegate.swift in Sources */ = {isa = PBXBuildFile; fileRef = 03F602E91D2D8481006E2679 /* AppDelegate.swift */; };
		03F602EC1D2D8481006E2679 /* TravelMapViewController.swift in Sources */ = {isa = PBXBuildFile; fileRef = 03F602EB1D2D8481006E2679 /* TravelMapViewController.swift */; };
		03F602EF1D2D8481006E2679 /* Main.storyboard in Resources */ = {isa = PBXBuildFile; fileRef = 03F602ED1D2D8481006E2679 /* Main.storyboard */; };
		03F602F11D2D8481006E2679 /* Assets.xcassets in Resources */ = {isa = PBXBuildFile; fileRef = 03F602F01D2D8481006E2679 /* Assets.xcassets */; };
		03F602F41D2D8481006E2679 /* LaunchScreen.storyboard in Resources */ = {isa = PBXBuildFile; fileRef = 03F602F21D2D8481006E2679 /* LaunchScreen.storyboard */; };
		03F602FF1D2D8481006E2679 /* Virtual_TouristTests.swift in Sources */ = {isa = PBXBuildFile; fileRef = 03F602FE1D2D8481006E2679 /* Virtual_TouristTests.swift */; };
		03F6030A1D2D8481006E2679 /* Virtual_TouristUITests.swift in Sources */ = {isa = PBXBuildFile; fileRef = 03F603091D2D8481006E2679 /* Virtual_TouristUITests.swift */; };
/* End PBXBuildFile section */

/* Begin PBXContainerItemProxy section */
		03F602FB1D2D8481006E2679 /* PBXContainerItemProxy */ = {
			isa = PBXContainerItemProxy;
			containerPortal = 03F602DE1D2D8481006E2679 /* Project object */;
			proxyType = 1;
			remoteGlobalIDString = 03F602E51D2D8481006E2679;
			remoteInfo = "Virtual Tourist";
		};
		03F603061D2D8481006E2679 /* PBXContainerItemProxy */ = {
			isa = PBXContainerItemProxy;
			containerPortal = 03F602DE1D2D8481006E2679 /* Project object */;
			proxyType = 1;
			remoteGlobalIDString = 03F602E51D2D8481006E2679;
			remoteInfo = "Virtual Tourist";
		};
/* End PBXContainerItemProxy section */

/* Begin PBXFileReference section */
		03D8BDE71D305F2A007A95F8 /* Model.xcdatamodel */ = {isa = PBXFileReference; lastKnownFileType = wrapper.xcdatamodel; path = Model.xcdatamodel; sourceTree = "<group>"; };
		03D8BDF91D30A56B007A95F8 /* Photo+CoreDataProperties.swift */ = {isa = PBXFileReference; fileEncoding = 4; lastKnownFileType = sourcecode.swift; name = "Photo+CoreDataProperties.swift"; path = "../Photo+CoreDataProperties.swift"; sourceTree = "<group>"; };
		03D8BDFA1D30A56B007A95F8 /* Photo.swift */ = {isa = PBXFileReference; fileEncoding = 4; lastKnownFileType = sourcecode.swift; name = Photo.swift; path = ../Photo.swift; sourceTree = "<group>"; };
		03D8BDFB1D30A56B007A95F8 /* Pin+CoreDataProperties.swift */ = {isa = PBXFileReference; fileEncoding = 4; lastKnownFileType = sourcecode.swift; name = "Pin+CoreDataProperties.swift"; path = "../Pin+CoreDataProperties.swift"; sourceTree = "<group>"; };
		03D8BDFC1D30A56B007A95F8 /* Pin.swift */ = {isa = PBXFileReference; fileEncoding = 4; lastKnownFileType = sourcecode.swift; name = Pin.swift; path = ../Pin.swift; sourceTree = "<group>"; };
		03D8BE011D30A801007A95F8 /* CoreDataStack.swift */ = {isa = PBXFileReference; fileEncoding = 4; lastKnownFileType = sourcecode.swift; path = CoreDataStack.swift; sourceTree = "<group>"; };
		03D8BE031D353D0B007A95F8 /* FlickrClient.swift */ = {isa = PBXFileReference; fileEncoding = 4; lastKnownFileType = sourcecode.swift; path = FlickrClient.swift; sourceTree = "<group>"; };
		03D8BE051D357C04007A95F8 /* Client.swift */ = {isa = PBXFileReference; fileEncoding = 4; lastKnownFileType = sourcecode.swift; path = Client.swift; sourceTree = "<group>"; };
		03D8BE071D368A2E007A95F8 /* bboxCoordinate.swift */ = {isa = PBXFileReference; fileEncoding = 4; lastKnownFileType = sourcecode.swift; path = bboxCoordinate.swift; sourceTree = "<group>"; };
		03D8BE091D386CEA007A95F8 /* FlickrClient+Convenience.swift */ = {isa = PBXFileReference; fileEncoding = 4; lastKnownFileType = sourcecode.swift; path = "FlickrClient+Convenience.swift"; sourceTree = "<group>"; };
		03D8BE0E1D386DD1007A95F8 /* PhotoAlbumViewController.swift */ = {isa = PBXFileReference; fileEncoding = 4; lastKnownFileType = sourcecode.swift; path = PhotoAlbumViewController.swift; sourceTree = "<group>"; };
		03F602E61D2D8481006E2679 /* Virtual Tourist.app */ = {isa = PBXFileReference; explicitFileType = wrapper.application; includeInIndex = 0; path = "Virtual Tourist.app"; sourceTree = BUILT_PRODUCTS_DIR; };
		03F602E91D2D8481006E2679 /* AppDelegate.swift */ = {isa = PBXFileReference; lastKnownFileType = sourcecode.swift; path = AppDelegate.swift; sourceTree = "<group>"; };
		03F602EB1D2D8481006E2679 /* TravelMapViewController.swift */ = {isa = PBXFileReference; lastKnownFileType = sourcecode.swift; path = TravelMapViewController.swift; sourceTree = "<group>"; };
		03F602EE1D2D8481006E2679 /* Base */ = {isa = PBXFileReference; lastKnownFileType = file.storyboard; name = Base; path = Base.lproj/Main.storyboard; sourceTree = "<group>"; };
		03F602F01D2D8481006E2679 /* Assets.xcassets */ = {isa = PBXFileReference; lastKnownFileType = folder.assetcatalog; path = Assets.xcassets; sourceTree = "<group>"; };
		03F602F31D2D8481006E2679 /* Base */ = {isa = PBXFileReference; lastKnownFileType = file.storyboard; name = Base; path = Base.lproj/LaunchScreen.storyboard; sourceTree = "<group>"; };
		03F602F51D2D8481006E2679 /* Info.plist */ = {isa = PBXFileReference; lastKnownFileType = text.plist.xml; path = Info.plist; sourceTree = "<group>"; };
		03F602FA1D2D8481006E2679 /* Virtual TouristTests.xctest */ = {isa = PBXFileReference; explicitFileType = wrapper.cfbundle; includeInIndex = 0; path = "Virtual TouristTests.xctest"; sourceTree = BUILT_PRODUCTS_DIR; };
		03F602FE1D2D8481006E2679 /* Virtual_TouristTests.swift */ = {isa = PBXFileReference; lastKnownFileType = sourcecode.swift; path = Virtual_TouristTests.swift; sourceTree = "<group>"; };
		03F603001D2D8481006E2679 /* Info.plist */ = {isa = PBXFileReference; lastKnownFileType = text.plist.xml; path = Info.plist; sourceTree = "<group>"; };
		03F603051D2D8481006E2679 /* Virtual TouristUITests.xctest */ = {isa = PBXFileReference; explicitFileType = wrapper.cfbundle; includeInIndex = 0; path = "Virtual TouristUITests.xctest"; sourceTree = BUILT_PRODUCTS_DIR; };
		03F603091D2D8481006E2679 /* Virtual_TouristUITests.swift */ = {isa = PBXFileReference; lastKnownFileType = sourcecode.swift; path = Virtual_TouristUITests.swift; sourceTree = "<group>"; };
		03F6030B1D2D8481006E2679 /* Info.plist */ = {isa = PBXFileReference; lastKnownFileType = text.plist.xml; path = Info.plist; sourceTree = "<group>"; };
/* End PBXFileReference section */

/* Begin PBXFrameworksBuildPhase section */
		03F602E31D2D8481006E2679 /* Frameworks */ = {
			isa = PBXFrameworksBuildPhase;
			buildActionMask = 2147483647;
			files = (
			);
			runOnlyForDeploymentPostprocessing = 0;
		};
		03F602F71D2D8481006E2679 /* Frameworks */ = {
			isa = PBXFrameworksBuildPhase;
			buildActionMask = 2147483647;
			files = (
			);
			runOnlyForDeploymentPostprocessing = 0;
		};
		03F603021D2D8481006E2679 /* Frameworks */ = {
			isa = PBXFrameworksBuildPhase;
			buildActionMask = 2147483647;
			files = (
			);
			runOnlyForDeploymentPostprocessing = 0;
		};
/* End PBXFrameworksBuildPhase section */

/* Begin PBXGroup section */
		03D8BDD21D2FFB9E007A95F8 /* Controller */ = {
			isa = PBXGroup;
			children = (
				03D8BE0E1D386DD1007A95F8 /* PhotoAlbumViewController.swift */,
				03F602EB1D2D8481006E2679 /* TravelMapViewController.swift */,
			);
			name = Controller;
			sourceTree = "<group>";
		};
		03D8BE0B1D386D74007A95F8 /* Client */ = {
			isa = PBXGroup;
			children = (
				03D8BE051D357C04007A95F8 /* Client.swift */,
				03D8BE031D353D0B007A95F8 /* FlickrClient.swift */,
				03D8BE091D386CEA007A95F8 /* FlickrClient+Convenience.swift */,
			);
			name = Client;
			sourceTree = "<group>";
		};
		03D8BE101D3ACF11007A95F8 /* View */ = {
			isa = PBXGroup;
			children = (
			);
			name = View;
			sourceTree = "<group>";
		};
		03F602DD1D2D8481006E2679 = {
			isa = PBXGroup;
			children = (
				03F602E81D2D8481006E2679 /* Virtual Tourist */,
				03F602FD1D2D8481006E2679 /* Virtual TouristTests */,
				03F603081D2D8481006E2679 /* Virtual TouristUITests */,
				03F602E71D2D8481006E2679 /* Products */,
			);
			sourceTree = "<group>";
		};
		03F602E71D2D8481006E2679 /* Products */ = {
			isa = PBXGroup;
			children = (
				03F602E61D2D8481006E2679 /* Virtual Tourist.app */,
				03F602FA1D2D8481006E2679 /* Virtual TouristTests.xctest */,
				03F603051D2D8481006E2679 /* Virtual TouristUITests.xctest */,
			);
			name = Products;
			sourceTree = "<group>";
		};
		03F602E81D2D8481006E2679 /* Virtual Tourist */ = {
			isa = PBXGroup;
			children = (
				03F603171D2DB266006E2679 /* Model */,
				03D8BDD21D2FFB9E007A95F8 /* Controller */,
				03D8BE101D3ACF11007A95F8 /* View */,
				03F602E91D2D8481006E2679 /* AppDelegate.swift */,
				03F602ED1D2D8481006E2679 /* Main.storyboard */,
				03F602F01D2D8481006E2679 /* Assets.xcassets */,
				03F602F21D2D8481006E2679 /* LaunchScreen.storyboard */,
				03F602F51D2D8481006E2679 /* Info.plist */,
			);
			path = "Virtual Tourist";
			sourceTree = "<group>";
		};
		03F602FD1D2D8481006E2679 /* Virtual TouristTests */ = {
			isa = PBXGroup;
			children = (
				03F602FE1D2D8481006E2679 /* Virtual_TouristTests.swift */,
				03F603001D2D8481006E2679 /* Info.plist */,
			);
			path = "Virtual TouristTests";
			sourceTree = "<group>";
		};
		03F603081D2D8481006E2679 /* Virtual TouristUITests */ = {
			isa = PBXGroup;
			children = (
				03F603091D2D8481006E2679 /* Virtual_TouristUITests.swift */,
				03F6030B1D2D8481006E2679 /* Info.plist */,
			);
			path = "Virtual TouristUITests";
			sourceTree = "<group>";
		};
		03F603171D2DB266006E2679 /* Model */ = {
			isa = PBXGroup;
			children = (
				03D8BE0B1D386D74007A95F8 /* Client */,
				03D8BDF91D30A56B007A95F8 /* Photo+CoreDataProperties.swift */,
				03D8BDFA1D30A56B007A95F8 /* Photo.swift */,
				03D8BDFB1D30A56B007A95F8 /* Pin+CoreDataProperties.swift */,
				03D8BE071D368A2E007A95F8 /* bboxCoordinate.swift */,
				03D8BDFC1D30A56B007A95F8 /* Pin.swift */,
				03D8BDE61D305F2A007A95F8 /* Model.xcdatamodeld */,
				03D8BE011D30A801007A95F8 /* CoreDataStack.swift */,
			);
			name = Model;
			sourceTree = "<group>";
		};
/* End PBXGroup section */

/* Begin PBXNativeTarget section */
		03F602E51D2D8481006E2679 /* Virtual Tourist */ = {
			isa = PBXNativeTarget;
			buildConfigurationList = 03F6030E1D2D8481006E2679 /* Build configuration list for PBXNativeTarget "Virtual Tourist" */;
			buildPhases = (
				03F602E21D2D8481006E2679 /* Sources */,
				03F602E31D2D8481006E2679 /* Frameworks */,
				03F602E41D2D8481006E2679 /* Resources */,
			);
			buildRules = (
			);
			dependencies = (
			);
			name = "Virtual Tourist";
			productName = "Virtual Tourist";
			productReference = 03F602E61D2D8481006E2679 /* Virtual Tourist.app */;
			productType = "com.apple.product-type.application";
		};
		03F602F91D2D8481006E2679 /* Virtual TouristTests */ = {
			isa = PBXNativeTarget;
			buildConfigurationList = 03F603111D2D8481006E2679 /* Build configuration list for PBXNativeTarget "Virtual TouristTests" */;
			buildPhases = (
				03F602F61D2D8481006E2679 /* Sources */,
				03F602F71D2D8481006E2679 /* Frameworks */,
				03F602F81D2D8481006E2679 /* Resources */,
			);
			buildRules = (
			);
			dependencies = (
				03F602FC1D2D8481006E2679 /* PBXTargetDependency */,
			);
			name = "Virtual TouristTests";
			productName = "Virtual TouristTests";
			productReference = 03F602FA1D2D8481006E2679 /* Virtual TouristTests.xctest */;
			productType = "com.apple.product-type.bundle.unit-test";
		};
		03F603041D2D8481006E2679 /* Virtual TouristUITests */ = {
			isa = PBXNativeTarget;
			buildConfigurationList = 03F603141D2D8481006E2679 /* Build configuration list for PBXNativeTarget "Virtual TouristUITests" */;
			buildPhases = (
				03F603011D2D8481006E2679 /* Sources */,
				03F603021D2D8481006E2679 /* Frameworks */,
				03F603031D2D8481006E2679 /* Resources */,
			);
			buildRules = (
			);
			dependencies = (
				03F603071D2D8481006E2679 /* PBXTargetDependency */,
			);
			name = "Virtual TouristUITests";
			productName = "Virtual TouristUITests";
			productReference = 03F603051D2D8481006E2679 /* Virtual TouristUITests.xctest */;
			productType = "com.apple.product-type.bundle.ui-testing";
		};
/* End PBXNativeTarget section */

/* Begin PBXProject section */
		03F602DE1D2D8481006E2679 /* Project object */ = {
			isa = PBXProject;
			attributes = {
				LastSwiftUpdateCheck = 0730;
				LastUpgradeCheck = 0730;
				ORGANIZATIONNAME = "Emmanuoel Haroutunian";
				TargetAttributes = {
					03F602E51D2D8481006E2679 = {
						CreatedOnToolsVersion = 7.3.1;
						DevelopmentTeam = 45P953T7BD;
					};
					03F602F91D2D8481006E2679 = {
						CreatedOnToolsVersion = 7.3.1;
						DevelopmentTeam = 45P953T7BD;
						TestTargetID = 03F602E51D2D8481006E2679;
					};
					03F603041D2D8481006E2679 = {
						CreatedOnToolsVersion = 7.3.1;
						DevelopmentTeam = 45P953T7BD;
						TestTargetID = 03F602E51D2D8481006E2679;
					};
				};
			};
			buildConfigurationList = 03F602E11D2D8481006E2679 /* Build configuration list for PBXProject "Virtual Tourist" */;
			compatibilityVersion = "Xcode 3.2";
			developmentRegion = English;
			hasScannedForEncodings = 0;
			knownRegions = (
				en,
				Base,
			);
			mainGroup = 03F602DD1D2D8481006E2679;
			productRefGroup = 03F602E71D2D8481006E2679 /* Products */;
			projectDirPath = "";
			projectRoot = "";
			targets = (
				03F602E51D2D8481006E2679 /* Virtual Tourist */,
				03F602F91D2D8481006E2679 /* Virtual TouristTests */,
				03F603041D2D8481006E2679 /* Virtual TouristUITests */,
			);
		};
/* End PBXProject section */

/* Begin PBXResourcesBuildPhase section */
		03F602E41D2D8481006E2679 /* Resources */ = {
			isa = PBXResourcesBuildPhase;
			buildActionMask = 2147483647;
			files = (
				03F602F41D2D8481006E2679 /* LaunchScreen.storyboard in Resources */,
				03F602F11D2D8481006E2679 /* Assets.xcassets in Resources */,
				03F602EF1D2D8481006E2679 /* Main.storyboard in Resources */,
			);
			runOnlyForDeploymentPostprocessing = 0;
		};
		03F602F81D2D8481006E2679 /* Resources */ = {
			isa = PBXResourcesBuildPhase;
			buildActionMask = 2147483647;
			files = (
			);
			runOnlyForDeploymentPostprocessing = 0;
		};
		03F603031D2D8481006E2679 /* Resources */ = {
			isa = PBXResourcesBuildPhase;
			buildActionMask = 2147483647;
			files = (
			);
			runOnlyForDeploymentPostprocessing = 0;
		};
/* End PBXResourcesBuildPhase section */

/* Begin PBXSourcesBuildPhase section */
		03F602E21D2D8481006E2679 /* Sources */ = {
			isa = PBXSourcesBuildPhase;
			buildActionMask = 2147483647;
			files = (
				03D8BDFE1D30A56B007A95F8 /* Photo.swift in Sources */,
				03D8BE081D368A2E007A95F8 /* bboxCoordinate.swift in Sources */,
				03D8BE0F1D386DD1007A95F8 /* PhotoAlbumViewController.swift in Sources */,
				03F602EC1D2D8481006E2679 /* TravelMapViewController.swift in Sources */,
				03D8BE001D30A56B007A95F8 /* Pin.swift in Sources */,
				03D8BDFF1D30A56B007A95F8 /* Pin+CoreDataProperties.swift in Sources */,
				03F602EA1D2D8481006E2679 /* AppDelegate.swift in Sources */,
				03D8BDFD1D30A56B007A95F8 /* Photo+CoreDataProperties.swift in Sources */,
				03D8BE021D30A801007A95F8 /* CoreDataStack.swift in Sources */,
				03D8BDE81D305F2A007A95F8 /* Model.xcdatamodeld in Sources */,
				03D8BE061D357C04007A95F8 /* Client.swift in Sources */,
				03D8BE041D353D0B007A95F8 /* FlickrClient.swift in Sources */,
				03D8BE0A1D386CEA007A95F8 /* FlickrClient+Convenience.swift in Sources */,
			);
			runOnlyForDeploymentPostprocessing = 0;
		};
		03F602F61D2D8481006E2679 /* Sources */ = {
			isa = PBXSourcesBuildPhase;
			buildActionMask = 2147483647;
			files = (
				03F602FF1D2D8481006E2679 /* Virtual_TouristTests.swift in Sources */,
			);
			runOnlyForDeploymentPostprocessing = 0;
		};
		03F603011D2D8481006E2679 /* Sources */ = {
			isa = PBXSourcesBuildPhase;
			buildActionMask = 2147483647;
			files = (
				03F6030A1D2D8481006E2679 /* Virtual_TouristUITests.swift in Sources */,
			);
			runOnlyForDeploymentPostprocessing = 0;
		};
/* End PBXSourcesBuildPhase section */

/* Begin PBXTargetDependency section */
		03F602FC1D2D8481006E2679 /* PBXTargetDependency */ = {
			isa = PBXTargetDependency;
			target = 03F602E51D2D8481006E2679 /* Virtual Tourist */;
			targetProxy = 03F602FB1D2D8481006E2679 /* PBXContainerItemProxy */;
		};
		03F603071D2D8481006E2679 /* PBXTargetDependency */ = {
			isa = PBXTargetDependency;
			target = 03F602E51D2D8481006E2679 /* Virtual Tourist */;
			targetProxy = 03F603061D2D8481006E2679 /* PBXContainerItemProxy */;
		};
/* End PBXTargetDependency section */

/* Begin PBXVariantGroup section */
		03F602ED1D2D8481006E2679 /* Main.storyboard */ = {
			isa = PBXVariantGroup;
			children = (
				03F602EE1D2D8481006E2679 /* Base */,
			);
			name = Main.storyboard;
			sourceTree = "<group>";
		};
		03F602F21D2D8481006E2679 /* LaunchScreen.storyboard */ = {
			isa = PBXVariantGroup;
			children = (
				03F602F31D2D8481006E2679 /* Base */,
			);
			name = LaunchScreen.storyboard;
			sourceTree = "<group>";
		};
/* End PBXVariantGroup section */

/* Begin XCBuildConfiguration section */
		03F6030C1D2D8481006E2679 /* Debug */ = {
			isa = XCBuildConfiguration;
			buildSettings = {
				ALWAYS_SEARCH_USER_PATHS = NO;
				CLANG_ANALYZER_NONNULL = YES;
				CLANG_CXX_LANGUAGE_STANDARD = "gnu++0x";
				CLANG_CXX_LIBRARY = "libc++";
				CLANG_ENABLE_MODULES = YES;
				CLANG_ENABLE_OBJC_ARC = YES;
				CLANG_WARN_BOOL_CONVERSION = YES;
				CLANG_WARN_CONSTANT_CONVERSION = YES;
				CLANG_WARN_DIRECT_OBJC_ISA_USAGE = YES_ERROR;
				CLANG_WARN_EMPTY_BODY = YES;
				CLANG_WARN_ENUM_CONVERSION = YES;
				CLANG_WARN_INT_CONVERSION = YES;
				CLANG_WARN_OBJC_ROOT_CLASS = YES_ERROR;
				CLANG_WARN_UNREACHABLE_CODE = YES;
				CLANG_WARN__DUPLICATE_METHOD_MATCH = YES;
				"CODE_SIGN_IDENTITY[sdk=iphoneos*]" = "iPhone Developer";
				COPY_PHASE_STRIP = NO;
				DEBUG_INFORMATION_FORMAT = dwarf;
				ENABLE_STRICT_OBJC_MSGSEND = YES;
				ENABLE_TESTABILITY = YES;
				GCC_C_LANGUAGE_STANDARD = gnu99;
				GCC_DYNAMIC_NO_PIC = NO;
				GCC_NO_COMMON_BLOCKS = YES;
				GCC_OPTIMIZATION_LEVEL = 0;
				GCC_PREPROCESSOR_DEFINITIONS = (
					"DEBUG=1",
					"$(inherited)",
				);
				GCC_WARN_64_TO_32_BIT_CONVERSION = YES;
				GCC_WARN_ABOUT_RETURN_TYPE = YES_ERROR;
				GCC_WARN_UNDECLARED_SELECTOR = YES;
				GCC_WARN_UNINITIALIZED_AUTOS = YES_AGGRESSIVE;
				GCC_WARN_UNUSED_FUNCTION = YES;
				GCC_WARN_UNUSED_VARIABLE = YES;
				IPHONEOS_DEPLOYMENT_TARGET = 9.3;
				MTL_ENABLE_DEBUG_INFO = YES;
				ONLY_ACTIVE_ARCH = YES;
				SDKROOT = iphoneos;
				SWIFT_OPTIMIZATION_LEVEL = "-Onone";
			};
			name = Debug;
		};
		03F6030D1D2D8481006E2679 /* Release */ = {
			isa = XCBuildConfiguration;
			buildSettings = {
				ALWAYS_SEARCH_USER_PATHS = NO;
				CLANG_ANALYZER_NONNULL = YES;
				CLANG_CXX_LANGUAGE_STANDARD = "gnu++0x";
				CLANG_CXX_LIBRARY = "libc++";
				CLANG_ENABLE_MODULES = YES;
				CLANG_ENABLE_OBJC_ARC = YES;
				CLANG_WARN_BOOL_CONVERSION = YES;
				CLANG_WARN_CONSTANT_CONVERSION = YES;
				CLANG_WARN_DIRECT_OBJC_ISA_USAGE = YES_ERROR;
				CLANG_WARN_EMPTY_BODY = YES;
				CLANG_WARN_ENUM_CONVERSION = YES;
				CLANG_WARN_INT_CONVERSION = YES;
				CLANG_WARN_OBJC_ROOT_CLASS = YES_ERROR;
				CLANG_WARN_UNREACHABLE_CODE = YES;
				CLANG_WARN__DUPLICATE_METHOD_MATCH = YES;
				"CODE_SIGN_IDENTITY[sdk=iphoneos*]" = "iPhone Developer";
				COPY_PHASE_STRIP = NO;
				DEBUG_INFORMATION_FORMAT = "dwarf-with-dsym";
				ENABLE_NS_ASSERTIONS = NO;
				ENABLE_STRICT_OBJC_MSGSEND = YES;
				GCC_C_LANGUAGE_STANDARD = gnu99;
				GCC_NO_COMMON_BLOCKS = YES;
				GCC_WARN_64_TO_32_BIT_CONVERSION = YES;
				GCC_WARN_ABOUT_RETURN_TYPE = YES_ERROR;
				GCC_WARN_UNDECLARED_SELECTOR = YES;
				GCC_WARN_UNINITIALIZED_AUTOS = YES_AGGRESSIVE;
				GCC_WARN_UNUSED_FUNCTION = YES;
				GCC_WARN_UNUSED_VARIABLE = YES;
				IPHONEOS_DEPLOYMENT_TARGET = 9.3;
				MTL_ENABLE_DEBUG_INFO = NO;
				SDKROOT = iphoneos;
				VALIDATE_PRODUCT = YES;
			};
			name = Release;
		};
		03F6030F1D2D8481006E2679 /* Debug */ = {
			isa = XCBuildConfiguration;
			buildSettings = {
				ASSETCATALOG_COMPILER_APPICON_NAME = AppIcon;
				INFOPLIST_FILE = "Virtual Tourist/Info.plist";
				LD_RUNPATH_SEARCH_PATHS = "$(inherited) @executable_path/Frameworks";
				PRODUCT_BUNDLE_IDENTIFIER = "com.eman.Virtual-Tourist";
				PRODUCT_NAME = "$(TARGET_NAME)";
			};
			name = Debug;
		};
		03F603101D2D8481006E2679 /* Release */ = {
			isa = XCBuildConfiguration;
			buildSettings = {
				ASSETCATALOG_COMPILER_APPICON_NAME = AppIcon;
				INFOPLIST_FILE = "Virtual Tourist/Info.plist";
				LD_RUNPATH_SEARCH_PATHS = "$(inherited) @executable_path/Frameworks";
				PRODUCT_BUNDLE_IDENTIFIER = "com.eman.Virtual-Tourist";
				PRODUCT_NAME = "$(TARGET_NAME)";
			};
			name = Release;
		};
		03F603121D2D8481006E2679 /* Debug */ = {
			isa = XCBuildConfiguration;
			buildSettings = {
				BUNDLE_LOADER = "$(TEST_HOST)";
				INFOPLIST_FILE = "Virtual TouristTests/Info.plist";
				LD_RUNPATH_SEARCH_PATHS = "$(inherited) @executable_path/Frameworks @loader_path/Frameworks";
				PRODUCT_BUNDLE_IDENTIFIER = "com.eman.Virtual-TouristTests";
				PRODUCT_NAME = "$(TARGET_NAME)";
				TEST_HOST = "$(BUILT_PRODUCTS_DIR)/Virtual Tourist.app/Virtual Tourist";
			};
			name = Debug;
		};
		03F603131D2D8481006E2679 /* Release */ = {
			isa = XCBuildConfiguration;
			buildSettings = {
				BUNDLE_LOADER = "$(TEST_HOST)";
				INFOPLIST_FILE = "Virtual TouristTests/Info.plist";
				LD_RUNPATH_SEARCH_PATHS = "$(inherited) @executable_path/Frameworks @loader_path/Frameworks";
				PRODUCT_BUNDLE_IDENTIFIER = "com.eman.Virtual-TouristTests";
				PRODUCT_NAME = "$(TARGET_NAME)";
				TEST_HOST = "$(BUILT_PRODUCTS_DIR)/Virtual Tourist.app/Virtual Tourist";
			};
			name = Release;
		};
		03F603151D2D8481006E2679 /* Debug */ = {
			isa = XCBuildConfiguration;
			buildSettings = {
				INFOPLIST_FILE = "Virtual TouristUITests/Info.plist";
				LD_RUNPATH_SEARCH_PATHS = "$(inherited) @executable_path/Frameworks @loader_path/Frameworks";
				PRODUCT_BUNDLE_IDENTIFIER = "com.eman.Virtual-TouristUITests";
				PRODUCT_NAME = "$(TARGET_NAME)";
				TEST_TARGET_NAME = "Virtual Tourist";
			};
			name = Debug;
		};
		03F603161D2D8481006E2679 /* Release */ = {
			isa = XCBuildConfiguration;
			buildSettings = {
				INFOPLIST_FILE = "Virtual TouristUITests/Info.plist";
				LD_RUNPATH_SEARCH_PATHS = "$(inherited) @executable_path/Frameworks @loader_path/Frameworks";
				PRODUCT_BUNDLE_IDENTIFIER = "com.eman.Virtual-TouristUITests";
				PRODUCT_NAME = "$(TARGET_NAME)";
				TEST_TARGET_NAME = "Virtual Tourist";
			};
			name = Release;
		};
/* End XCBuildConfiguration section */

/* Begin XCConfigurationList section */
		03F602E11D2D8481006E2679 /* Build configuration list for PBXProject "Virtual Tourist" */ = {
			isa = XCConfigurationList;
			buildConfigurations = (
				03F6030C1D2D8481006E2679 /* Debug */,
				03F6030D1D2D8481006E2679 /* Release */,
			);
			defaultConfigurationIsVisible = 0;
			defaultConfigurationName = Release;
		};
		03F6030E1D2D8481006E2679 /* Build configuration list for PBXNativeTarget "Virtual Tourist" */ = {
			isa = XCConfigurationList;
			buildConfigurations = (
				03F6030F1D2D8481006E2679 /* Debug */,
				03F603101D2D8481006E2679 /* Release */,
			);
			defaultConfigurationIsVisible = 0;
			defaultConfigurationName = Release;
		};
		03F603111D2D8481006E2679 /* Build configuration list for PBXNativeTarget "Virtual TouristTests" */ = {
			isa = XCConfigurationList;
			buildConfigurations = (
				03F603121D2D8481006E2679 /* Debug */,
				03F603131D2D8481006E2679 /* Release */,
			);
			defaultConfigurationIsVisible = 0;
			defaultConfigurationName = Release;
		};
		03F603141D2D8481006E2679 /* Build configuration list for PBXNativeTarget "Virtual TouristUITests" */ = {
			isa = XCConfigurationList;
			buildConfigurations = (
				03F603151D2D8481006E2679 /* Debug */,
				03F603161D2D8481006E2679 /* Release */,
			);
			defaultConfigurationIsVisible = 0;
			defaultConfigurationName = Release;
		};
/* End XCConfigurationList section */

/* Begin XCVersionGroup section */
		03D8BDE61D305F2A007A95F8 /* Model.xcdatamodeld */ = {
			isa = XCVersionGroup;
			children = (
				03D8BDE71D305F2A007A95F8 /* Model.xcdatamodel */,
			);
			currentVersion = 03D8BDE71D305F2A007A95F8 /* Model.xcdatamodel */;
			path = Model.xcdatamodeld;
			sourceTree = "<group>";
			versionGroupType = wrapper.xcdatamodel;
		};
/* End XCVersionGroup section */
	};
	rootObject = 03F602DE1D2D8481006E2679 /* Project object */;
}
